// !$*UTF8*$!
{
	archiveVersion = 1;
	classes = {
	};
	objectVersion = 46;
	objects = {

/* Begin PBXBuildFile section */
		5B87A060193653BA00B82E7E /* Foundation.framework in Frameworks */ = {isa = PBXBuildFile; fileRef = 5B87A05F193653BA00B82E7E /* Foundation.framework */; };
		5B87A062193653BA00B82E7E /* CoreGraphics.framework in Frameworks */ = {isa = PBXBuildFile; fileRef = 5B87A061193653BA00B82E7E /* CoreGraphics.framework */; };
		5B87A064193653BA00B82E7E /* UIKit.framework in Frameworks */ = {isa = PBXBuildFile; fileRef = 5B87A063193653BA00B82E7E /* UIKit.framework */; };
		5B87A06A193653BA00B82E7E /* InfoPlist.strings in Resources */ = {isa = PBXBuildFile; fileRef = 5B87A068193653BA00B82E7E /* InfoPlist.strings */; };
		5B87A06C193653BA00B82E7E /* main.m in Sources */ = {isa = PBXBuildFile; fileRef = 5B87A06B193653BA00B82E7E /* main.m */; };
		5B87A070193653BA00B82E7E /* BBAppDelegate.m in Sources */ = {isa = PBXBuildFile; fileRef = 5B87A06F193653BA00B82E7E /* BBAppDelegate.m */; };
		5B87A073193653BA00B82E7E /* Main.storyboard in Resources */ = {isa = PBXBuildFile; fileRef = 5B87A071193653BA00B82E7E /* Main.storyboard */; };
		5B87A076193653BA00B82E7E /* BBViewController.m in Sources */ = {isa = PBXBuildFile; fileRef = 5B87A075193653BA00B82E7E /* BBViewController.m */; };
		5B87A078193653BA00B82E7E /* Images.xcassets in Resources */ = {isa = PBXBuildFile; fileRef = 5B87A077193653BA00B82E7E /* Images.xcassets */; };
		5B87A07F193653BA00B82E7E /* XCTest.framework in Frameworks */ = {isa = PBXBuildFile; fileRef = 5B87A07E193653BA00B82E7E /* XCTest.framework */; };
		5B87A080193653BA00B82E7E /* Foundation.framework in Frameworks */ = {isa = PBXBuildFile; fileRef = 5B87A05F193653BA00B82E7E /* Foundation.framework */; };
		5B87A081193653BA00B82E7E /* UIKit.framework in Frameworks */ = {isa = PBXBuildFile; fileRef = 5B87A063193653BA00B82E7E /* UIKit.framework */; };
		5B87A089193653BA00B82E7E /* InfoPlist.strings in Resources */ = {isa = PBXBuildFile; fileRef = 5B87A087193653BA00B82E7E /* InfoPlist.strings */; };
		5B87A08B193653BA00B82E7E /* BBMVCTests.m in Sources */ = {isa = PBXBuildFile; fileRef = 5B87A08A193653BA00B82E7E /* BBMVCTests.m */; };
/* End PBXBuildFile section */

/* Begin PBXContainerItemProxy section */
		5B87A082193653BA00B82E7E /* PBXContainerItemProxy */ = {
			isa = PBXContainerItemProxy;
			containerPortal = 5B87A054193653BA00B82E7E /* Project object */;
			proxyType = 1;
			remoteGlobalIDString = 5B87A05B193653BA00B82E7E;
			remoteInfo = BBMVC;
		};
/* End PBXContainerItemProxy section */

/* Begin PBXFileReference section */
		5B87A05C193653BA00B82E7E /* BBMVC.app */ = {isa = PBXFileReference; explicitFileType = wrapper.application; includeInIndex = 0; path = BBMVC.app; sourceTree = BUILT_PRODUCTS_DIR; };
		5B87A05F193653BA00B82E7E /* Foundation.framework */ = {isa = PBXFileReference; lastKnownFileType = wrapper.framework; name = Foundation.framework; path = System/Library/Frameworks/Foundation.framework; sourceTree = SDKROOT; };
		5B87A061193653BA00B82E7E /* CoreGraphics.framework */ = {isa = PBXFileReference; lastKnownFileType = wrapper.framework; name = CoreGraphics.framework; path = System/Library/Frameworks/CoreGraphics.framework; sourceTree = SDKROOT; };
		5B87A063193653BA00B82E7E /* UIKit.framework */ = {isa = PBXFileReference; lastKnownFileType = wrapper.framework; name = UIKit.framework; path = System/Library/Frameworks/UIKit.framework; sourceTree = SDKROOT; };
		5B87A067193653BA00B82E7E /* BBMVC-Info.plist */ = {isa = PBXFileReference; lastKnownFileType = text.plist.xml; path = "BBMVC-Info.plist"; sourceTree = "<group>"; };
		5B87A069193653BA00B82E7E /* en */ = {isa = PBXFileReference; lastKnownFileType = text.plist.strings; name = en; path = en.lproj/InfoPlist.strings; sourceTree = "<group>"; };
		5B87A06B193653BA00B82E7E /* main.m */ = {isa = PBXFileReference; lastKnownFileType = sourcecode.c.objc; path = main.m; sourceTree = "<group>"; };
		5B87A06D193653BA00B82E7E /* BBMVC-Prefix.pch */ = {isa = PBXFileReference; lastKnownFileType = sourcecode.c.h; path = "BBMVC-Prefix.pch"; sourceTree = "<group>"; };
		5B87A06E193653BA00B82E7E /* BBAppDelegate.h */ = {isa = PBXFileReference; lastKnownFileType = sourcecode.c.h; path = BBAppDelegate.h; sourceTree = "<group>"; };
		5B87A06F193653BA00B82E7E /* BBAppDelegate.m */ = {isa = PBXFileReference; lastKnownFileType = sourcecode.c.objc; path = BBAppDelegate.m; sourceTree = "<group>"; };
		5B87A072193653BA00B82E7E /* Base */ = {isa = PBXFileReference; lastKnownFileType = file.storyboard; name = Base; path = Base.lproj/Main.storyboard; sourceTree = "<group>"; };
		5B87A074193653BA00B82E7E /* BBViewController.h */ = {isa = PBXFileReference; lastKnownFileType = sourcecode.c.h; path = BBViewController.h; sourceTree = "<group>"; };
		5B87A075193653BA00B82E7E /* BBViewController.m */ = {isa = PBXFileReference; lastKnownFileType = sourcecode.c.objc; path = BBViewController.m; sourceTree = "<group>"; };
		5B87A077193653BA00B82E7E /* Images.xcassets */ = {isa = PBXFileReference; lastKnownFileType = folder.assetcatalog; path = Images.xcassets; sourceTree = "<group>"; };
		5B87A07D193653BA00B82E7E /* BBMVCTests.xctest */ = {isa = PBXFileReference; explicitFileType = wrapper.cfbundle; includeInIndex = 0; path = BBMVCTests.xctest; sourceTree = BUILT_PRODUCTS_DIR; };
		5B87A07E193653BA00B82E7E /* XCTest.framework */ = {isa = PBXFileReference; lastKnownFileType = wrapper.framework; name = XCTest.framework; path = Library/Frameworks/XCTest.framework; sourceTree = DEVELOPER_DIR; };
		5B87A086193653BA00B82E7E /* BBMVCTests-Info.plist */ = {isa = PBXFileReference; lastKnownFileType = text.plist.xml; path = "BBMVCTests-Info.plist"; sourceTree = "<group>"; };
		5B87A088193653BA00B82E7E /* en */ = {isa = PBXFileReference; lastKnownFileType = text.plist.strings; name = en; path = en.lproj/InfoPlist.strings; sourceTree = "<group>"; };
		5B87A08A193653BA00B82E7E /* BBMVCTests.m */ = {isa = PBXFileReference; lastKnownFileType = sourcecode.c.objc; path = BBMVCTests.m; sourceTree = "<group>"; };
/* End PBXFileReference section */

/* Begin PBXFrameworksBuildPhase section */
		5B87A059193653BA00B82E7E /* Frameworks */ = {
			isa = PBXFrameworksBuildPhase;
			buildActionMask = 2147483647;
			files = (
				5B87A062193653BA00B82E7E /* CoreGraphics.framework in Frameworks */,
				5B87A064193653BA00B82E7E /* UIKit.framework in Frameworks */,
				5B87A060193653BA00B82E7E /* Foundation.framework in Frameworks */,
			);
			runOnlyForDeploymentPostprocessing = 0;
		};
		5B87A07A193653BA00B82E7E /* Frameworks */ = {
			isa = PBXFrameworksBuildPhase;
			buildActionMask = 2147483647;
			files = (
				5B87A07F193653BA00B82E7E /* XCTest.framework in Frameworks */,
				5B87A081193653BA00B82E7E /* UIKit.framework in Frameworks */,
				5B87A080193653BA00B82E7E /* Foundation.framework in Frameworks */,
			);
			runOnlyForDeploymentPostprocessing = 0;
		};
/* End PBXFrameworksBuildPhase section */

/* Begin PBXGroup section */
		5B87A053193653BA00B82E7E = {
			isa = PBXGroup;
			children = (
				5B87A065193653BA00B82E7E /* BBMVC */,
				5B87A084193653BA00B82E7E /* BBMVCTests */,
				5B87A05E193653BA00B82E7E /* Frameworks */,
				5B87A05D193653BA00B82E7E /* Products */,
			);
			sourceTree = "<group>";
		};
		5B87A05D193653BA00B82E7E /* Products */ = {
			isa = PBXGroup;
			children = (
				5B87A05C193653BA00B82E7E /* BBMVC.app */,
				5B87A07D193653BA00B82E7E /* BBMVCTests.xctest */,
			);
			name = Products;
			sourceTree = "<group>";
		};
		5B87A05E193653BA00B82E7E /* Frameworks */ = {
			isa = PBXGroup;
			children = (
				5B87A05F193653BA00B82E7E /* Foundation.framework */,
				5B87A061193653BA00B82E7E /* CoreGraphics.framework */,
				5B87A063193653BA00B82E7E /* UIKit.framework */,
				5B87A07E193653BA00B82E7E /* XCTest.framework */,
			);
			name = Frameworks;
			sourceTree = "<group>";
		};
		5B87A065193653BA00B82E7E /* BBMVC */ = {
			isa = PBXGroup;
			children = (
				5B87A06E193653BA00B82E7E /* BBAppDelegate.h */,
				5B87A06F193653BA00B82E7E /* BBAppDelegate.m */,
				5B87A071193653BA00B82E7E /* Main.storyboard */,
				5B87A074193653BA00B82E7E /* BBViewController.h */,
				5B87A075193653BA00B82E7E /* BBViewController.m */,
				5B87A077193653BA00B82E7E /* Images.xcassets */,
				5B87A066193653BA00B82E7E /* Supporting Files */,
			);
			path = BBMVC;
			sourceTree = "<group>";
		};
		5B87A066193653BA00B82E7E /* Supporting Files */ = {
			isa = PBXGroup;
			children = (
				5B87A067193653BA00B82E7E /* BBMVC-Info.plist */,
				5B87A068193653BA00B82E7E /* InfoPlist.strings */,
				5B87A06B193653BA00B82E7E /* main.m */,
				5B87A06D193653BA00B82E7E /* BBMVC-Prefix.pch */,
			);
			name = "Supporting Files";
			sourceTree = "<group>";
		};
		5B87A084193653BA00B82E7E /* BBMVCTests */ = {
			isa = PBXGroup;
			children = (
				5B87A08A193653BA00B82E7E /* BBMVCTests.m */,
				5B87A085193653BA00B82E7E /* Supporting Files */,
			);
			path = BBMVCTests;
			sourceTree = "<group>";
		};
		5B87A085193653BA00B82E7E /* Supporting Files */ = {
			isa = PBXGroup;
			children = (
				5B87A086193653BA00B82E7E /* BBMVCTests-Info.plist */,
				5B87A087193653BA00B82E7E /* InfoPlist.strings */,
			);
			name = "Supporting Files";
			sourceTree = "<group>";
		};
/* End PBXGroup section */

/* Begin PBXNativeTarget section */
		5B87A05B193653BA00B82E7E /* BBMVC */ = {
			isa = PBXNativeTarget;
			buildConfigurationList = 5B87A08E193653BB00B82E7E /* Build configuration list for PBXNativeTarget "BBMVC" */;
			buildPhases = (
				5B87A058193653BA00B82E7E /* Sources */,
				5B87A059193653BA00B82E7E /* Frameworks */,
				5B87A05A193653BA00B82E7E /* Resources */,
			);
			buildRules = (
			);
			dependencies = (
			);
			name = BBMVC;
			productName = BBMVC;
			productReference = 5B87A05C193653BA00B82E7E /* BBMVC.app */;
			productType = "com.apple.product-type.application";
		};
		5B87A07C193653BA00B82E7E /* BBMVCTests */ = {
			isa = PBXNativeTarget;
			buildConfigurationList = 5B87A091193653BB00B82E7E /* Build configuration list for PBXNativeTarget "BBMVCTests" */;
			buildPhases = (
				5B87A079193653BA00B82E7E /* Sources */,
				5B87A07A193653BA00B82E7E /* Frameworks */,
				5B87A07B193653BA00B82E7E /* Resources */,
			);
			buildRules = (
			);
			dependencies = (
				5B87A083193653BA00B82E7E /* PBXTargetDependency */,
			);
			name = BBMVCTests;
			productName = BBMVCTests;
			productReference = 5B87A07D193653BA00B82E7E /* BBMVCTests.xctest */;
			productType = "com.apple.product-type.bundle.unit-test";
		};
/* End PBXNativeTarget section */

/* Begin PBXProject section */
		5B87A054193653BA00B82E7E /* Project object */ = {
			isa = PBXProject;
			attributes = {
				CLASSPREFIX = BB;
				LastUpgradeCheck = 0510;
				ORGANIZATIONNAME = "Matthew Wallace";
				TargetAttributes = {
					5B87A07C193653BA00B82E7E = {
						TestTargetID = 5B87A05B193653BA00B82E7E;
					};
				};
			};
			buildConfigurationList = 5B87A057193653BA00B82E7E /* Build configuration list for PBXProject "BBMVC" */;
			compatibilityVersion = "Xcode 3.2";
			developmentRegion = English;
			hasScannedForEncodings = 0;
			knownRegions = (
				en,
				Base,
			);
			mainGroup = 5B87A053193653BA00B82E7E;
			productRefGroup = 5B87A05D193653BA00B82E7E /* Products */;
			projectDirPath = "";
			projectRoot = "";
			targets = (
				5B87A05B193653BA00B82E7E /* BBMVC */,
				5B87A07C193653BA00B82E7E /* BBMVCTests */,
			);
		};
/* End PBXProject section */

/* Begin PBXResourcesBuildPhase section */
		5B87A05A193653BA00B82E7E /* Resources */ = {
			isa = PBXResourcesBuildPhase;
			buildActionMask = 2147483647;
			files = (
				5B87A078193653BA00B82E7E /* Images.xcassets in Resources */,
				5B87A06A193653BA00B82E7E /* InfoPlist.strings in Resources */,
				5B87A073193653BA00B82E7E /* Main.storyboard in Resources */,
			);
			runOnlyForDeploymentPostprocessing = 0;
		};
		5B87A07B193653BA00B82E7E /* Resources */ = {
			isa = PBXResourcesBuildPhase;
			buildActionMask = 2147483647;
			files = (
				5B87A089193653BA00B82E7E /* InfoPlist.strings in Resources */,
			);
			runOnlyForDeploymentPostprocessing = 0;
		};
/* End PBXResourcesBuildPhase section */

/* Begin PBXSourcesBuildPhase section */
		5B87A058193653BA00B82E7E /* Sources */ = {
			isa = PBXSourcesBuildPhase;
			buildActionMask = 2147483647;
			files = (
				5B87A076193653BA00B82E7E /* BBViewController.m in Sources */,
				5B87A070193653BA00B82E7E /* BBAppDelegate.m in Sources */,
				5B87A06C193653BA00B82E7E /* main.m in Sources */,
			);
			runOnlyForDeploymentPostprocessing = 0;
		};
		5B87A079193653BA00B82E7E /* Sources */ = {
			isa = PBXSourcesBuildPhase;
			buildActionMask = 2147483647;
			files = (
				5B87A08B193653BA00B82E7E /* BBMVCTests.m in Sources */,
			);
			runOnlyForDeploymentPostprocessing = 0;
		};
/* End PBXSourcesBuildPhase section */

/* Begin PBXTargetDependency section */
		5B87A083193653BA00B82E7E /* PBXTargetDependency */ = {
			isa = PBXTargetDependency;
			target = 5B87A05B193653BA00B82E7E /* BBMVC */;
			targetProxy = 5B87A082193653BA00B82E7E /* PBXContainerItemProxy */;
		};
/* End PBXTargetDependency section */

/* Begin PBXVariantGroup section */
		5B87A068193653BA00B82E7E /* InfoPlist.strings */ = {
			isa = PBXVariantGroup;
			children = (
				5B87A069193653BA00B82E7E /* en */,
			);
			name = InfoPlist.strings;
			sourceTree = "<group>";
		};
		5B87A071193653BA00B82E7E /* Main.storyboard */ = {
			isa = PBXVariantGroup;
			children = (
				5B87A072193653BA00B82E7E /* Base */,
			);
			name = Main.storyboard;
			sourceTree = "<group>";
		};
		5B87A087193653BA00B82E7E /* InfoPlist.strings */ = {
			isa = PBXVariantGroup;
			children = (
				5B87A088193653BA00B82E7E /* en */,
			);
			name = InfoPlist.strings;
			sourceTree = "<group>";
		};
/* End PBXVariantGroup section */

/* Begin XCBuildConfiguration section */
		5B87A08C193653BB00B82E7E /* Debug */ = {
			isa = XCBuildConfiguration;
			buildSettings = {
				ALWAYS_SEARCH_USER_PATHS = NO;
				CLANG_CXX_LANGUAGE_STANDARD = "gnu++0x";
				CLANG_CXX_LIBRARY = "libc++";
				CLANG_ENABLE_MODULES = YES;
				CLANG_ENABLE_OBJC_ARC = YES;
				CLANG_WARN_BOOL_CONVERSION = YES;
				CLANG_WARN_CONSTANT_CONVERSION = YES;
				CLANG_WARN_DIRECT_OBJC_ISA_USAGE = YES_ERROR;
				CLANG_WARN_EMPTY_BODY = YES;
				CLANG_WARN_ENUM_CONVERSION = YES;
				CLANG_WARN_INT_CONVERSION = YES;
				CLANG_WARN_OBJC_ROOT_CLASS = YES_ERROR;
				CLANG_WARN__DUPLICATE_METHOD_MATCH = YES;
				"CODE_SIGN_IDENTITY[sdk=iphoneos*]" = "iPhone Developer";
				COPY_PHASE_STRIP = NO;
				GCC_C_LANGUAGE_STANDARD = gnu99;
				GCC_DYNAMIC_NO_PIC = NO;
				GCC_OPTIMIZATION_LEVEL = 0;
				GCC_PREPROCESSOR_DEFINITIONS = (
					"DEBUG=1",
					"$(inherited)",
				);
				GCC_SYMBOLS_PRIVATE_EXTERN = NO;
				GCC_WARN_64_TO_32_BIT_CONVERSION = YES;
				GCC_WARN_ABOUT_RETURN_TYPE = YES_ERROR;
				GCC_WARN_UNDECLARED_SELECTOR = YES;
				GCC_WARN_UNINITIALIZED_AUTOS = YES_AGGRESSIVE;
				GCC_WARN_UNUSED_FUNCTION = YES;
				GCC_WARN_UNUSED_VARIABLE = YES;
				IPHONEOS_DEPLOYMENT_TARGET = 7.1;
				ONLY_ACTIVE_ARCH = YES;
				SDKROOT = iphoneos;
			};
			name = Debug;
		};
		5B87A08D193653BB00B82E7E /* Release */ = {
			isa = XCBuildConfiguration;
			buildSettings = {
				ALWAYS_SEARCH_USER_PATHS = NO;
				CLANG_CXX_LANGUAGE_STANDARD = "gnu++0x";
				CLANG_CXX_LIBRARY = "libc++";
				CLANG_ENABLE_MODULES = YES;
				CLANG_ENABLE_OBJC_ARC = YES;
				CLANG_WARN_BOOL_CONVERSION = YES;
				CLANG_WARN_CONSTANT_CONVERSION = YES;
				CLANG_WARN_DIRECT_OBJC_ISA_USAGE = YES_ERROR;
				CLANG_WARN_EMPTY_BODY = YES;
				CLANG_WARN_ENUM_CONVERSION = YES;
				CLANG_WARN_INT_CONVERSION = YES;
				CLANG_WARN_OBJC_ROOT_CLASS = YES_ERROR;
				CLANG_WARN__DUPLICATE_METHOD_MATCH = YES;
				"CODE_SIGN_IDENTITY[sdk=iphoneos*]" = "iPhone Developer";
				COPY_PHASE_STRIP = YES;
				ENABLE_NS_ASSERTIONS = NO;
				GCC_C_LANGUAGE_STANDARD = gnu99;
				GCC_WARN_64_TO_32_BIT_CONVERSION = YES;
				GCC_WARN_ABOUT_RETURN_TYPE = YES_ERROR;
				GCC_WARN_UNDECLARED_SELECTOR = YES;
				GCC_WARN_UNINITIALIZED_AUTOS = YES_AGGRESSIVE;
				GCC_WARN_UNUSED_FUNCTION = YES;
				GCC_WARN_UNUSED_VARIABLE = YES;
				IPHONEOS_DEPLOYMENT_TARGET = 7.1;
				SDKROOT = iphoneos;
				VALIDATE_PRODUCT = YES;
			};
			name = Release;
		};
		5B87A08F193653BB00B82E7E /* Debug */ = {
			isa = XCBuildConfiguration;
			buildSettings = {
				ASSETCATALOG_COMPILER_APPICON_NAME = AppIcon;
				ASSETCATALOG_COMPILER_LAUNCHIMAGE_NAME = LaunchImage;
				GCC_PRECOMPILE_PREFIX_HEADER = YES;
				GCC_PREFIX_HEADER = "BBMVC/BBMVC-Prefix.pch";
				INFOPLIST_FILE = "BBMVC/BBMVC-Info.plist";
				PRODUCT_NAME = "$(TARGET_NAME)";
				WRAPPER_EXTENSION = app;
			};
			name = Debug;
		};
		5B87A090193653BB00B82E7E /* Release */ = {
			isa = XCBuildConfiguration;
			buildSettings = {
				ASSETCATALOG_COMPILER_APPICON_NAME = AppIcon;
				ASSETCATALOG_COMPILER_LAUNCHIMAGE_NAME = LaunchImage;
				GCC_PRECOMPILE_PREFIX_HEADER = YES;
				GCC_PREFIX_HEADER = "BBMVC/BBMVC-Prefix.pch";
				INFOPLIST_FILE = "BBMVC/BBMVC-Info.plist";
				PRODUCT_NAME = "$(TARGET_NAME)";
				WRAPPER_EXTENSION = app;
			};
			name = Release;
		};
		5B87A092193653BB00B82E7E /* Debug */ = {
			isa = XCBuildConfiguration;
			buildSettings = {
				BUNDLE_LOADER = "$(BUILT_PRODUCTS_DIR)/BBMVC.app/BBMVC";
				FRAMEWORK_SEARCH_PATHS = (
					"$(SDKROOT)/Developer/Library/Frameworks",
					"$(inherited)",
					"$(DEVELOPER_FRAMEWORKS_DIR)",
				);
				GCC_PRECOMPILE_PREFIX_HEADER = YES;
				GCC_PREFIX_HEADER = "BBMVC/BBMVC-Prefix.pch";
				GCC_PREPROCESSOR_DEFINITIONS = (
					"DEBUG=1",
					"$(inherited)",
				);
				INFOPLIST_FILE = "BBMVCTests/BBMVCTests-Info.plist";
				PRODUCT_NAME = "$(TARGET_NAME)";
				TEST_HOST = "$(BUNDLE_LOADER)";
				WRAPPER_EXTENSION = xctest;
			};
			name = Debug;
		};
		5B87A093193653BB00B82E7E /* Release */ = {
			isa = XCBuildConfiguration;
			buildSettings = {
				BUNDLE_LOADER = "$(BUILT_PRODUCTS_DIR)/BBMVC.app/BBMVC";
				FRAMEWORK_SEARCH_PATHS = (
					"$(SDKROOT)/Developer/Library/Frameworks",
					"$(inherited)",
					"$(DEVELOPER_FRAMEWORKS_DIR)",
				);
				GCC_PRECOMPILE_PREFIX_HEADER = YES;
				GCC_PREFIX_HEADER = "BBMVC/BBMVC-Prefix.pch";
				INFOPLIST_FILE = "BBMVCTests/BBMVCTests-Info.plist";
				PRODUCT_NAME = "$(TARGET_NAME)";
				TEST_HOST = "$(BUNDLE_LOADER)";
				WRAPPER_EXTENSION = xctest;
			};
			name = Release;
		};
/* End XCBuildConfiguration section */

/* Begin XCConfigurationList section */
		5B87A057193653BA00B82E7E /* Build configuration list for PBXProject "BBMVC" */ = {
			isa = XCConfigurationList;
			buildConfigurations = (
				5B87A08C193653BB00B82E7E /* Debug */,
				5B87A08D193653BB00B82E7E /* Release */,
			);
			defaultConfigurationIsVisible = 0;
			defaultConfigurationName = Release;
		};
		5B87A08E193653BB00B82E7E /* Build configuration list for PBXNativeTarget "BBMVC" */ = {
			isa = XCConfigurationList;
			buildConfigurations = (
				5B87A08F193653BB00B82E7E /* Debug */,
				5B87A090193653BB00B82E7E /* Release */,
			);
			defaultConfigurationIsVisible = 0;
		};
		5B87A091193653BB00B82E7E /* Build configuration list for PBXNativeTarget "BBMVCTests" */ = {
			isa = XCConfigurationList;
			buildConfigurations = (
				5B87A092193653BB00B82E7E /* Debug */,
				5B87A093193653BB00B82E7E /* Release */,
			);
			defaultConfigurationIsVisible = 0;
		};
/* End XCConfigurationList section */
	};
	rootObject = 5B87A054193653BA00B82E7E /* Project object */;
}
